
Microsoft Visual Studio Solution File, Format Version 12.00
# Visual Studio 14
VisualStudioVersion = 14.0.25420.1
MinimumVisualStudioVersion = 10.0.40219.1
Project("{888888A0-9F3D-457C-B088-3A5042F75D52}") = "PaxosEditor", "PaxosEditor\PaxosEditor.pyproj", "{18EE2FF2-AB77-4F9E-B9A9-1A1B3D73B28E}"
EndProject
Global
	GlobalSection(SolutionConfigurationPlatforms) = preSolution
		Debug|Any CPU = Debug|Any CPU
		Release|Any CPU = Release|Any CPU
	EndGlobalSection
	GlobalSection(ProjectConfigurationPlatforms) = postSolution
		{18EE2FF2-AB77-4F9E-B9A9-1A1B3D73B28E}.Debug|Any CPU.ActiveCfg = Debug|Any CPU
		{18EE2FF2-AB77-4F9E-B9A9-1A1B3D73B28E}.Release|Any CPU.ActiveCfg = Release|Any CPU
	EndGlobalSection
	GlobalSection(SolutionProperties) = preSolution
		HideSolutionNode = FALSE
	EndGlobalSection
EndGlobal
