
Microsoft Visual Studio Solution File, Format Version 12.00
# Visual Studio 14
VisualStudioVersion = 14.0.25420.1
MinimumVisualStudioVersion = 10.0.40219.1
Project("{888888A0-9F3D-457C-B088-3A5042F75D52}") = "RaftViewer", "RaftViewer\RaftViewer.pyproj", "{42FA620E-363A-4D37-987D-5DC337FCAEBB}"
EndProject
Project("{888888A0-9F3D-457C-B088-3A5042F75D52}") = "Nodes", "Nodes\Nodes.pyproj", "{18EE2FF2-AB77-4F9E-B9A9-1A1B3D73B28E}"
EndProject
Global
	GlobalSection(SolutionConfigurationPlatforms) = preSolution
		Debug|Any CPU = Debug|Any CPU
		Release|Any CPU = Release|Any CPU
	EndGlobalSection
	GlobalSection(ProjectConfigurationPlatforms) = postSolution
		{42FA620E-363A-4D37-987D-5DC337FCAEBB}.Debug|Any CPU.ActiveCfg = Debug|Any CPU
		{42FA620E-363A-4D37-987D-5DC337FCAEBB}.Debug|Any CPU.Build.0 = Debug|Any CPU
		{42FA620E-363A-4D37-987D-5DC337FCAEBB}.Release|Any CPU.ActiveCfg = Release|Any CPU
		{42FA620E-363A-4D37-987D-5DC337FCAEBB}.Release|Any CPU.Build.0 = Release|Any CPU
		{18EE2FF2-AB77-4F9E-B9A9-1A1B3D73B28E}.Debug|Any CPU.ActiveCfg = Debug|Any CPU
		{18EE2FF2-AB77-4F9E-B9A9-1A1B3D73B28E}.Release|Any CPU.ActiveCfg = Release|Any CPU
	EndGlobalSection
	GlobalSection(SolutionProperties) = preSolution
		HideSolutionNode = FALSE
	EndGlobalSection
EndGlobal
